
Microsoft Visual Studio Solution File, Format Version 12.00
# Visual Studio 2012
Project("{FAE04EC0-301F-11D3-BF4B-00C04F79EFBC}") = "WebApp", "WebApp.csproj", "{FE005DAD-932C-4C7E-84B3-AF410E369BFD}"
EndProject
Global
	GlobalSection(SolutionConfigurationPlatforms) = preSolution
		Debug|Any CPU = Debug|Any CPU
		Release|Any CPU = Release|Any CPU
	EndGlobalSection
	GlobalSection(ProjectConfigurationPlatforms) = postSolution
		{FE005DAD-932C-4C7E-84B3-AF410E369BFD}.Debug|Any CPU.ActiveCfg = Debug|Any CPU
		{FE005DAD-932C-4C7E-84B3-AF410E369BFD}.Debug|Any CPU.Build.0 = Debug|Any CPU
		{FE005DAD-932C-4C7E-84B3-AF410E369BFD}.Release|Any CPU.ActiveCfg = Release|Any CPU
		{FE005DAD-932C-4C7E-84B3-AF410E369BFD}.Release|Any CPU.Build.0 = Release|Any CPU
	EndGlobalSection
	GlobalSection(SolutionProperties) = preSolution
		HideSolutionNode = FALSE
	EndGlobalSection
EndGlobal
